github.com/emersion/go-sasl v0.0.0-20200509203442-7bfe0ed36a21 h1:OJyUGMJTzHTd1XQp98QTaHernxMYzRaOasRir9hUlFQ=
github.com/emersion/go-sasl v0.0.0-20200509203442-7bfe0ed36a21/go.mod h1:iL2twTeMvZnrg54ZoPDNfJaJaqy0xIQFuBdrLsmspwQ=
github.com/kayrus/go-smtp v0.15.1-0.20211216174341-f5f4e119d8cc h1:boGHPdglOe9hx5vqcMyllF4XdbjqQacGK7U9Wu0xqSM=
github.com/kayrus/go-smtp v0.15.1-0.20211216174341-f5f4e119d8cc/go.mod h1:qm27SGYgoIPRot6ubfQ/GpiPy/g3PaZAVRxiO/sDUgQ=
